
Microsoft Visual Studio Solution File, Format Version 12.00
# Visual Studio Version 16
VisualStudioVersion = 16.0.30523.141
MinimumVisualStudioVersion = 10.0.40219.1
Project("{FAE04EC0-301F-11D3-BF4B-00C04F79EFBC}") = "Task_6", "Task_6\Task_6.csproj", "{8BCC91E6-F8F5-4B37-AF5D-AF4BD890B242}"
EndProject
Global
	GlobalSection(SolutionConfigurationPlatforms) = preSolution
		Debug|Any CPU = Debug|Any CPU
		Release|Any CPU = Release|Any CPU
	EndGlobalSection
	GlobalSection(ProjectConfigurationPlatforms) = postSolution
		{8BCC91E6-F8F5-4B37-AF5D-AF4BD890B242}.Debug|Any CPU.ActiveCfg = Debug|Any CPU
		{8BCC91E6-F8F5-4B37-AF5D-AF4BD890B242}.Debug|Any CPU.Build.0 = Debug|Any CPU
		{8BCC91E6-F8F5-4B37-AF5D-AF4BD890B242}.Release|Any CPU.ActiveCfg = Release|Any CPU
		{8BCC91E6-F8F5-4B37-AF5D-AF4BD890B242}.Release|Any CPU.Build.0 = Release|Any CPU
	EndGlobalSection
	GlobalSection(SolutionProperties) = preSolution
		HideSolutionNode = FALSE
	EndGlobalSection
	GlobalSection(ExtensibilityGlobals) = postSolution
		SolutionGuid = {27EA0277-AD5C-49D0-B4DA-66D7CB081711}
	EndGlobalSection
EndGlobal
