
Microsoft Visual Studio Solution File, Format Version 12.00
# Visual Studio Version 16
VisualStudioVersion = 16.0.30523.141
MinimumVisualStudioVersion = 10.0.40219.1
Project("{FAE04EC0-301F-11D3-BF4B-00C04F79EFBC}") = "Task_4", "Task_4\Task_4.csproj", "{79B597F2-4624-438A-AE49-38518C6BC1AF}"
EndProject
Global
	GlobalSection(SolutionConfigurationPlatforms) = preSolution
		Debug|Any CPU = Debug|Any CPU
		Release|Any CPU = Release|Any CPU
	EndGlobalSection
	GlobalSection(ProjectConfigurationPlatforms) = postSolution
		{79B597F2-4624-438A-AE49-38518C6BC1AF}.Debug|Any CPU.ActiveCfg = Debug|Any CPU
		{79B597F2-4624-438A-AE49-38518C6BC1AF}.Debug|Any CPU.Build.0 = Debug|Any CPU
		{79B597F2-4624-438A-AE49-38518C6BC1AF}.Release|Any CPU.ActiveCfg = Release|Any CPU
		{79B597F2-4624-438A-AE49-38518C6BC1AF}.Release|Any CPU.Build.0 = Release|Any CPU
	EndGlobalSection
	GlobalSection(SolutionProperties) = preSolution
		HideSolutionNode = FALSE
	EndGlobalSection
	GlobalSection(ExtensibilityGlobals) = postSolution
		SolutionGuid = {47296E31-E4B0-4DD1-B0D9-0949BFC3F31A}
	EndGlobalSection
EndGlobal
